
Microsoft Visual Studio Solution File, Format Version 12.00
# Visual Studio Version 16
VisualStudioVersion = 16.0.29613.14
MinimumVisualStudioVersion = 10.0.40219.1
Project("{888888A0-9F3D-457C-B088-3A5042F75D52}") = "TextSummarize", "TextSummarize.pyproj", "{13D9C550-EDB6-46E4-A7E2-DBEABCDD0AA6}"
EndProject
Global
	GlobalSection(SolutionConfigurationPlatforms) = preSolution
		Debug|Any CPU = Debug|Any CPU
		Release|Any CPU = Release|Any CPU
	EndGlobalSection
	GlobalSection(ProjectConfigurationPlatforms) = postSolution
		{13D9C550-EDB6-46E4-A7E2-DBEABCDD0AA6}.Debug|Any CPU.ActiveCfg = Debug|Any CPU
		{13D9C550-EDB6-46E4-A7E2-DBEABCDD0AA6}.Release|Any CPU.ActiveCfg = Release|Any CPU
	EndGlobalSection
	GlobalSection(SolutionProperties) = preSolution
		HideSolutionNode = FALSE
	EndGlobalSection
	GlobalSection(ExtensibilityGlobals) = postSolution
		SolutionGuid = {F2D89ECD-233C-4BF4-9C7C-CAAB6BEB0D2A}
	EndGlobalSection
EndGlobal
